// !$*UTF8*$!
{
	archiveVersion = 1;
	classes = {
	};
	objectVersion = 77;
	objects = {

/* Begin PBXContainerItemProxy section */
		41E741CC2E361FFD0071F823 /* PBXContainerItemProxy */ = {
			isa = PBXContainerItemProxy;
			containerPortal = 41E741B62E361FF80071F823 /* Project object */;
			proxyType = 1;
			remoteGlobalIDString = 41E741BD2E361FF80071F823;
			remoteInfo = ExampleBackgroundProcess;
		};
		41E741D62E361FFD0071F823 /* PBXContainerItemProxy */ = {
			isa = PBXContainerItemProxy;
			containerPortal = 41E741B62E361FF80071F823 /* Project object */;
			proxyType = 1;
			remoteGlobalIDString = 41E741BD2E361FF80071F823;
			remoteInfo = ExampleBackgroundProcess;
		};
/* End PBXContainerItemProxy section */

/* Begin PBXFileReference section */
		41E741BE2E361FF80071F823 /* ExampleBackgroundProcess.app */ = {isa = PBXFileReference; explicitFileType = wrapper.application; includeInIndex = 0; path = ExampleBackgroundProcess.app; sourceTree = BUILT_PRODUCTS_DIR; };
		41E741CB2E361FFD0071F823 /* ExampleBackgroundProcessTests.xctest */ = {isa = PBXFileReference; explicitFileType = wrapper.cfbundle; includeInIndex = 0; path = ExampleBackgroundProcessTests.xctest; sourceTree = BUILT_PRODUCTS_DIR; };
		41E741D52E361FFD0071F823 /* ExampleBackgroundProcessUITests.xctest */ = {isa = PBXFileReference; explicitFileType = wrapper.cfbundle; includeInIndex = 0; path = ExampleBackgroundProcessUITests.xctest; sourceTree = BUILT_PRODUCTS_DIR; };
/* End PBXFileReference section */

/* Begin PBXFileSystemSynchronizedBuildFileExceptionSet section */
		415E08AD2E3DBA5A00D1CED0 /* Exceptions for "ExampleBackgroundProcess" folder in "ExampleBackgroundProcess" target */ = {
			isa = PBXFileSystemSynchronizedBuildFileExceptionSet;
			membershipExceptions = (
				Info.plist,
			);
			target = 41E741BD2E361FF80071F823 /* ExampleBackgroundProcess */;
		};
/* End PBXFileSystemSynchronizedBuildFileExceptionSet section */

/* Begin PBXFileSystemSynchronizedRootGroup section */
		41E741C02E361FF80071F823 /* ExampleBackgroundProcess */ = {
			isa = PBXFileSystemSynchronizedRootGroup;
			exceptions = (
				415E08AD2E3DBA5A00D1CED0 /* Exceptions for "ExampleBackgroundProcess" folder in "ExampleBackgroundProcess" target */,
			);
			path = ExampleBackgroundProcess;
			sourceTree = "<group>";
		};
		41E741CE2E361FFD0071F823 /* ExampleBackgroundProcessTests */ = {
			isa = PBXFileSystemSynchronizedRootGroup;
			path = ExampleBackgroundProcessTests;
			sourceTree = "<group>";
		};
		41E741D82E361FFD0071F823 /* ExampleBackgroundProcessUITests */ = {
			isa = PBXFileSystemSynchronizedRootGroup;
			path = ExampleBackgroundProcessUITests;
			sourceTree = "<group>";
		};
/* End PBXFileSystemSynchronizedRootGroup section */

/* Begin PBXFrameworksBuildPhase section */
		41E741BB2E361FF80071F823 /* Frameworks */ = {
			isa = PBXFrameworksBuildPhase;
			buildActionMask = 2147483647;
			files = (
			);
			runOnlyForDeploymentPostprocessing = 0;
		};
		41E741C82E361FFD0071F823 /* Frameworks */ = {
			isa = PBXFrameworksBuildPhase;
			buildActionMask = 2147483647;
			files = (
			);
			runOnlyForDeploymentPostprocessing = 0;
		};
		41E741D22E361FFD0071F823 /* Frameworks */ = {
			isa = PBXFrameworksBuildPhase;
			buildActionMask = 2147483647;
			files = (
			);
			runOnlyForDeploymentPostprocessing = 0;
		};
/* End PBXFrameworksBuildPhase section */

/* Begin PBXGroup section */
		41E741B52E361FF80071F823 = {
			isa = PBXGroup;
			children = (
				41E741C02E361FF80071F823 /* ExampleBackgroundProcess */,
				41E741CE2E361FFD0071F823 /* ExampleBackgroundProcessTests */,
				41E741D82E361FFD0071F823 /* ExampleBackgroundProcessUITests */,
				41E741BF2E361FF80071F823 /* Products */,
			);
			sourceTree = "<group>";
		};
		41E741BF2E361FF80071F823 /* Products */ = {
			isa = PBXGroup;
			children = (
				41E741BE2E361FF80071F823 /* ExampleBackgroundProcess.app */,
				41E741CB2E361FFD0071F823 /* ExampleBackgroundProcessTests.xctest */,
				41E741D52E361FFD0071F823 /* ExampleBackgroundProcessUITests.xctest */,
			);
			name = Products;
			sourceTree = "<group>";
		};
/* End PBXGroup section */

/* Begin PBXNativeTarget section */
		41E741BD2E361FF80071F823 /* ExampleBackgroundProcess */ = {
			isa = PBXNativeTarget;
			buildConfigurationList = 41E741DF2E361FFD0071F823 /* Build configuration list for PBXNativeTarget "ExampleBackgroundProcess" */;
			buildPhases = (
				41E741BA2E361FF80071F823 /* Sources */,
				41E741BB2E361FF80071F823 /* Frameworks */,
				41E741BC2E361FF80071F823 /* Resources */,
			);
			buildRules = (
			);
			dependencies = (
			);
			fileSystemSynchronizedGroups = (
				41E741C02E361FF80071F823 /* ExampleBackgroundProcess */,
			);
			name = ExampleBackgroundProcess;
			packageProductDependencies = (
			);
			productName = ExampleBackgroundProcess;
			productReference = 41E741BE2E361FF80071F823 /* ExampleBackgroundProcess.app */;
			productType = "com.apple.product-type.application";
		};
		41E741CA2E361FFD0071F823 /* ExampleBackgroundProcessTests */ = {
			isa = PBXNativeTarget;
			buildConfigurationList = 41E741E22E361FFD0071F823 /* Build configuration list for PBXNativeTarget "ExampleBackgroundProcessTests" */;
			buildPhases = (
				41E741C72E361FFD0071F823 /* Sources */,
				41E741C82E361FFD0071F823 /* Frameworks */,
				41E741C92E361FFD0071F823 /* Resources */,
			);
			buildRules = (
			);
			dependencies = (
				41E741CD2E361FFD0071F823 /* PBXTargetDependency */,
			);
			fileSystemSynchronizedGroups = (
				41E741CE2E361FFD0071F823 /* ExampleBackgroundProcessTests */,
			);
			name = ExampleBackgroundProcessTests;
			packageProductDependencies = (
			);
			productName = ExampleBackgroundProcessTests;
			productReference = 41E741CB2E361FFD0071F823 /* ExampleBackgroundProcessTests.xctest */;
			productType = "com.apple.product-type.bundle.unit-test";
		};
		41E741D42E361FFD0071F823 /* ExampleBackgroundProcessUITests */ = {
			isa = PBXNativeTarget;
			buildConfigurationList = 41E741E52E361FFD0071F823 /* Build configuration list for PBXNativeTarget "ExampleBackgroundProcessUITests" */;
			buildPhases = (
				41E741D12E361FFD0071F823 /* Sources */,
				41E741D22E361FFD0071F823 /* Frameworks */,
				41E741D32E361FFD0071F823 /* Resources */,
			);
			buildRules = (
			);
			dependencies = (
				41E741D72E361FFD0071F823 /* PBXTargetDependency */,
			);
			fileSystemSynchronizedGroups = (
				41E741D82E361FFD0071F823 /* ExampleBackgroundProcessUITests */,
			);
			name = ExampleBackgroundProcessUITests;
			packageProductDependencies = (
			);
			productName = ExampleBackgroundProcessUITests;
			productReference = 41E741D52E361FFD0071F823 /* ExampleBackgroundProcessUITests.xctest */;
			productType = "com.apple.product-type.bundle.ui-testing";
		};
/* End PBXNativeTarget section */

/* Begin PBXProject section */
		41E741B62E361FF80071F823 /* Project object */ = {
			isa = PBXProject;
			attributes = {
				BuildIndependentTargetsInParallel = 1;
				LastSwiftUpdateCheck = 2600;
				LastUpgradeCheck = 2600;
				TargetAttributes = {
					41E741BD2E361FF80071F823 = {
						CreatedOnToolsVersion = 26.0;
					};
					41E741CA2E361FFD0071F823 = {
						CreatedOnToolsVersion = 26.0;
						TestTargetID = 41E741BD2E361FF80071F823;
					};
					41E741D42E361FFD0071F823 = {
						CreatedOnToolsVersion = 26.0;
						TestTargetID = 41E741BD2E361FF80071F823;
					};
				};
			};
			buildConfigurationList = 41E741B92E361FF80071F823 /* Build configuration list for PBXProject "ExampleBackgroundProcess" */;
			developmentRegion = en;
			hasScannedForEncodings = 0;
			knownRegions = (
				en,
				Base,
			);
			mainGroup = 41E741B52E361FF80071F823;
			minimizedProjectReferenceProxies = 1;
			preferredProjectObjectVersion = 77;
			productRefGroup = 41E741BF2E361FF80071F823 /* Products */;
			projectDirPath = "";
			projectRoot = "";
			targets = (
				41E741BD2E361FF80071F823 /* ExampleBackgroundProcess */,
				41E741CA2E361FFD0071F823 /* ExampleBackgroundProcessTests */,
				41E741D42E361FFD0071F823 /* ExampleBackgroundProcessUITests */,
			);
		};
/* End PBXProject section */

/* Begin PBXResourcesBuildPhase section */
		41E741BC2E361FF80071F823 /* Resources */ = {
			isa = PBXResourcesBuildPhase;
			buildActionMask = 2147483647;
			files = (
			);
			runOnlyForDeploymentPostprocessing = 0;
		};
		41E741C92E361FFD0071F823 /* Resources */ = {
			isa = PBXResourcesBuildPhase;
			buildActionMask = 2147483647;
			files = (
			);
			runOnlyForDeploymentPostprocessing = 0;
		};
		41E741D32E361FFD0071F823 /* Resources */ = {
			isa = PBXResourcesBuildPhase;
			buildActionMask = 2147483647;
			files = (
			);
			runOnlyForDeploymentPostprocessing = 0;
		};
/* End PBXResourcesBuildPhase section */

/* Begin PBXSourcesBuildPhase section */
		41E741BA2E361FF80071F823 /* Sources */ = {
			isa = PBXSourcesBuildPhase;
			buildActionMask = 2147483647;
			files = (
			);
			runOnlyForDeploymentPostprocessing = 0;
		};
		41E741C72E361FFD0071F823 /* Sources */ = {
			isa = PBXSourcesBuildPhase;
			buildActionMask = 2147483647;
			files = (
			);
			runOnlyForDeploymentPostprocessing = 0;
		};
		41E741D12E361FFD0071F823 /* Sources */ = {
			isa = PBXSourcesBuildPhase;
			buildActionMask = 2147483647;
			files = (
			);
			runOnlyForDeploymentPostprocessing = 0;
		};
/* End PBXSourcesBuildPhase section */

/* Begin PBXTargetDependency section */
		41E741CD2E361FFD0071F823 /* PBXTargetDependency */ = {
			isa = PBXTargetDependency;
			target = 41E741BD2E361FF80071F823 /* ExampleBackgroundProcess */;
			targetProxy = 41E741CC2E361FFD0071F823 /* PBXContainerItemProxy */;
		};
		41E741D72E361FFD0071F823 /* PBXTargetDependency */ = {
			isa = PBXTargetDependency;
			target = 41E741BD2E361FF80071F823 /* ExampleBackgroundProcess */;
			targetProxy = 41E741D62E361FFD0071F823 /* PBXContainerItemProxy */;
		};
/* End PBXTargetDependency section */

/* Begin XCBuildConfiguration section */
		41E741DD2E361FFD0071F823 /* Debug */ = {
			isa = XCBuildConfiguration;
			buildSettings = {
				ALWAYS_SEARCH_USER_PATHS = NO;
				ASSETCATALOG_COMPILER_GENERATE_SWIFT_ASSET_SYMBOL_EXTENSIONS = YES;
				CLANG_ANALYZER_NONNULL = YES;
				CLANG_ANALYZER_NUMBER_OBJECT_CONVERSION = YES_AGGRESSIVE;
				CLANG_CXX_LANGUAGE_STANDARD = "gnu++20";
				CLANG_ENABLE_MODULES = YES;
				CLANG_ENABLE_OBJC_ARC = YES;
				CLANG_ENABLE_OBJC_WEAK = YES;
				CLANG_WARN_BLOCK_CAPTURE_AUTORELEASING = YES;
				CLANG_WARN_BOOL_CONVERSION = YES;
				CLANG_WARN_COMMA = YES;
				CLANG_WARN_CONSTANT_CONVERSION = YES;
				CLANG_WARN_DEPRECATED_OBJC_IMPLEMENTATIONS = YES;
				CLANG_WARN_DIRECT_OBJC_ISA_USAGE = YES_ERROR;
				CLANG_WARN_DOCUMENTATION_COMMENTS = YES;
				CLANG_WARN_EMPTY_BODY = YES;
				CLANG_WARN_ENUM_CONVERSION = YES;
				CLANG_WARN_INFINITE_RECURSION = YES;
				CLANG_WARN_INT_CONVERSION = YES;
				CLANG_WARN_NON_LITERAL_NULL_CONVERSION = YES;
				CLANG_WARN_OBJC_IMPLICIT_RETAIN_SELF = YES;
				CLANG_WARN_OBJC_LITERAL_CONVERSION = YES;
				CLANG_WARN_OBJC_ROOT_CLASS = YES_ERROR;
				CLANG_WARN_QUOTED_INCLUDE_IN_FRAMEWORK_HEADER = YES;
				CLANG_WARN_RANGE_LOOP_ANALYSIS = YES;
				CLANG_WARN_STRICT_PROTOTYPES = YES;
				CLANG_WARN_SUSPICIOUS_MOVE = YES;
				CLANG_WARN_UNGUARDED_AVAILABILITY = YES_AGGRESSIVE;
				CLANG_WARN_UNREACHABLE_CODE = YES;
				CLANG_WARN__DUPLICATE_METHOD_MATCH = YES;
				COPY_PHASE_STRIP = NO;
				DEBUG_INFORMATION_FORMAT = dwarf;
				DEVELOPMENT_TEAM = J6JEG8NWRQ;
				ENABLE_STRICT_OBJC_MSGSEND = YES;
				ENABLE_TESTABILITY = YES;
				ENABLE_USER_SCRIPT_SANDBOXING = YES;
				GCC_C_LANGUAGE_STANDARD = gnu17;
				GCC_DYNAMIC_NO_PIC = NO;
				GCC_NO_COMMON_BLOCKS = YES;
				GCC_OPTIMIZATION_LEVEL = 0;
				GCC_PREPROCESSOR_DEFINITIONS = (
					"DEBUG=1",
					"$(inherited)",
				);
				GCC_WARN_64_TO_32_BIT_CONVERSION = YES;
				GCC_WARN_ABOUT_RETURN_TYPE = YES_ERROR;
				GCC_WARN_UNDECLARED_SELECTOR = YES;
				GCC_WARN_UNINITIALIZED_AUTOS = YES_AGGRESSIVE;
				GCC_WARN_UNUSED_FUNCTION = YES;
				GCC_WARN_UNUSED_VARIABLE = YES;
				IPHONEOS_DEPLOYMENT_TARGET = 26.0;
				LOCALIZATION_PREFERS_STRING_CATALOGS = YES;
				MTL_ENABLE_DEBUG_INFO = INCLUDE_SOURCE;
				MTL_FAST_MATH = YES;
				ONLY_ACTIVE_ARCH = YES;
				SDKROOT = iphoneos;
				SWIFT_ACTIVE_COMPILATION_CONDITIONS = "DEBUG $(inherited)";
				SWIFT_OPTIMIZATION_LEVEL = "-Onone";
			};
			name = Debug;
		};
		41E741DE2E361FFD0071F823 /* Release */ = {
			isa = XCBuildConfiguration;
			buildSettings = {
				ALWAYS_SEARCH_USER_PATHS = NO;
				ASSETCATALOG_COMPILER_GENERATE_SWIFT_ASSET_SYMBOL_EXTENSIONS = YES;
				CLANG_ANALYZER_NONNULL = YES;
				CLANG_ANALYZER_NUMBER_OBJECT_CONVERSION = YES_AGGRESSIVE;
				CLANG_CXX_LANGUAGE_STANDARD = "gnu++20";
				CLANG_ENABLE_MODULES = YES;
				CLANG_ENABLE_OBJC_ARC = YES;
				CLANG_ENABLE_OBJC_WEAK = YES;
				CLANG_WARN_BLOCK_CAPTURE_AUTORELEASING = YES;
				CLANG_WARN_BOOL_CONVERSION = YES;
				CLANG_WARN_COMMA = YES;
				CLANG_WARN_CONSTANT_CONVERSION = YES;
				CLANG_WARN_DEPRECATED_OBJC_IMPLEMENTATIONS = YES;
				CLANG_WARN_DIRECT_OBJC_ISA_USAGE = YES_ERROR;
				CLANG_WARN_DOCUMENTATION_COMMENTS = YES;
				CLANG_WARN_EMPTY_BODY = YES;
				CLANG_WARN_ENUM_CONVERSION = YES;
				CLANG_WARN_INFINITE_RECURSION = YES;
				CLANG_WARN_INT_CONVERSION = YES;
				CLANG_WARN_NON_LITERAL_NULL_CONVERSION = YES;
				CLANG_WARN_OBJC_IMPLICIT_RETAIN_SELF = YES;
				CLANG_WARN_OBJC_LITERAL_CONVERSION = YES;
				CLANG_WARN_OBJC_ROOT_CLASS = YES_ERROR;
				CLANG_WARN_QUOTED_INCLUDE_IN_FRAMEWORK_HEADER = YES;
				CLANG_WARN_RANGE_LOOP_ANALYSIS = YES;
				CLANG_WARN_STRICT_PROTOTYPES = YES;
				CLANG_WARN_SUSPICIOUS_MOVE = YES;
				CLANG_WARN_UNGUARDED_AVAILABILITY = YES_AGGRESSIVE;
				CLANG_WARN_UNREACHABLE_CODE = YES;
				CLANG_WARN__DUPLICATE_METHOD_MATCH = YES;
				COPY_PHASE_STRIP = NO;
				DEBUG_INFORMATION_FORMAT = "dwarf-with-dsym";
				DEVELOPMENT_TEAM = J6JEG8NWRQ;
				ENABLE_NS_ASSERTIONS = NO;
				ENABLE_STRICT_OBJC_MSGSEND = YES;
				ENABLE_USER_SCRIPT_SANDBOXING = YES;
				GCC_C_LANGUAGE_STANDARD = gnu17;
				GCC_NO_COMMON_BLOCKS = YES;
				GCC_WARN_64_TO_32_BIT_CONVERSION = YES;
				GCC_WARN_ABOUT_RETURN_TYPE = YES_ERROR;
				GCC_WARN_UNDECLARED_SELECTOR = YES;
				GCC_WARN_UNINITIALIZED_AUTOS = YES_AGGRESSIVE;
				GCC_WARN_UNUSED_FUNCTION = YES;
				GCC_WARN_UNUSED_VARIABLE = YES;
				IPHONEOS_DEPLOYMENT_TARGET = 26.0;
				LOCALIZATION_PREFERS_STRING_CATALOGS = YES;
				MTL_ENABLE_DEBUG_INFO = NO;
				MTL_FAST_MATH = YES;
				SDKROOT = iphoneos;
				SWIFT_COMPILATION_MODE = wholemodule;
				VALIDATE_PRODUCT = YES;
			};
			name = Release;
		};
		41E741E02E361FFD0071F823 /* Debug */ = {
			isa = XCBuildConfiguration;
			buildSettings = {
				ASSETCATALOG_COMPILER_APPICON_NAME = AppIcon;
				ASSETCATALOG_COMPILER_GLOBAL_ACCENT_COLOR_NAME = AccentColor;
				CODE_SIGN_ENTITLEMENTS = ExampleBackgroundProcess/ExampleBackgroundProcess.entitlements;
				CODE_SIGN_STYLE = Automatic;
				CURRENT_PROJECT_VERSION = 1;
				DEVELOPMENT_TEAM = J6JEG8NWRQ;
				ENABLE_PREVIEWS = YES;
				GENERATE_INFOPLIST_FILE = YES;
				INFOPLIST_FILE = ExampleBackgroundProcess/Info.plist;
				INFOPLIST_KEY_UIApplicationSceneManifest_Generation = YES;
				INFOPLIST_KEY_UIApplicationSupportsIndirectInputEvents = YES;
				INFOPLIST_KEY_UILaunchScreen_Generation = YES;
				INFOPLIST_KEY_UISupportedInterfaceOrientations_iPad = "UIInterfaceOrientationPortrait UIInterfaceOrientationPortraitUpsideDown UIInterfaceOrientationLandscapeLeft UIInterfaceOrientationLandscapeRight";
				INFOPLIST_KEY_UISupportedInterfaceOrientations_iPhone = "UIInterfaceOrientationPortrait UIInterfaceOrientationLandscapeLeft UIInterfaceOrientationLandscapeRight";
				LD_RUNPATH_SEARCH_PATHS = (
					"$(inherited)",
					"@executable_path/Frameworks",
				);
				MARKETING_VERSION = 1.0;
				PRODUCT_BUNDLE_IDENTIFIER = jp.co.hikarusato.ExampleBackground.ExampleBackgroundProcess;
				PRODUCT_NAME = "$(TARGET_NAME)";
				STRING_CATALOG_GENERATE_SYMBOLS = YES;
				SWIFT_APPROACHABLE_CONCURRENCY = YES;
				SWIFT_DEFAULT_ACTOR_ISOLATION = MainActor;
				SWIFT_EMIT_LOC_STRINGS = YES;
				SWIFT_UPCOMING_FEATURE_MEMBER_IMPORT_VISIBILITY = YES;
				SWIFT_VERSION = 6.0;
				TARGETED_DEVICE_FAMILY = "1,2";
			};
			name = Debug;
		};
		41E741E12E361FFD0071F823 /* Release */ = {
			isa = XCBuildConfiguration;
			buildSettings = {
				ASSETCATALOG_COMPILER_APPICON_NAME = AppIcon;
				ASSETCATALOG_COMPILER_GLOBAL_ACCENT_COLOR_NAME = AccentColor;
				CODE_SIGN_ENTITLEMENTS = ExampleBackgroundProcess/ExampleBackgroundProcess.entitlements;
				CODE_SIGN_STYLE = Automatic;
				CURRENT_PROJECT_VERSION = 1;
				DEVELOPMENT_TEAM = J6JEG8NWRQ;
				ENABLE_PREVIEWS = YES;
				GENERATE_INFOPLIST_FILE = YES;
				INFOPLIST_FILE = ExampleBackgroundProcess/Info.plist;
				INFOPLIST_KEY_UIApplicationSceneManifest_Generation = YES;
				INFOPLIST_KEY_UIApplicationSupportsIndirectInputEvents = YES;
				INFOPLIST_KEY_UILaunchScreen_Generation = YES;
				INFOPLIST_KEY_UISupportedInterfaceOrientations_iPad = "UIInterfaceOrientationPortrait UIInterfaceOrientationPortraitUpsideDown UIInterfaceOrientationLandscapeLeft UIInterfaceOrientationLandscapeRight";
				INFOPLIST_KEY_UISupportedInterfaceOrientations_iPhone = "UIInterfaceOrientationPortrait UIInterfaceOrientationLandscapeLeft UIInterfaceOrientationLandscapeRight";
				LD_RUNPATH_SEARCH_PATHS = (
					"$(inherited)",
					"@executable_path/Frameworks",
				);
				MARKETING_VERSION = 1.0;
				PRODUCT_BUNDLE_IDENTIFIER = jp.co.hikarusato.ExampleBackground.ExampleBackgroundProcess;
				PRODUCT_NAME = "$(TARGET_NAME)";
				STRING_CATALOG_GENERATE_SYMBOLS = YES;
				SWIFT_APPROACHABLE_CONCURRENCY = YES;
				SWIFT_DEFAULT_ACTOR_ISOLATION = MainActor;
				SWIFT_EMIT_LOC_STRINGS = YES;
				SWIFT_UPCOMING_FEATURE_MEMBER_IMPORT_VISIBILITY = YES;
				SWIFT_VERSION = 6.0;
				TARGETED_DEVICE_FAMILY = "1,2";
			};
			name = Release;
		};
		41E741E32E361FFD0071F823 /* Debug */ = {
			isa = XCBuildConfiguration;
			buildSettings = {
				BUNDLE_LOADER = "$(TEST_HOST)";
				CODE_SIGN_STYLE = Automatic;
				CURRENT_PROJECT_VERSION = 1;
				DEVELOPMENT_TEAM = J6JEG8NWRQ;
				GENERATE_INFOPLIST_FILE = YES;
				IPHONEOS_DEPLOYMENT_TARGET = 26.0;
				MARKETING_VERSION = 1.0;
				PRODUCT_BUNDLE_IDENTIFIER = jp.co.hikarusato.ExampleBackground.ExampleBackgroundProcessTests;
				PRODUCT_NAME = "$(TARGET_NAME)";
				STRING_CATALOG_GENERATE_SYMBOLS = NO;
				SWIFT_APPROACHABLE_CONCURRENCY = YES;
				SWIFT_EMIT_LOC_STRINGS = NO;
				SWIFT_UPCOMING_FEATURE_MEMBER_IMPORT_VISIBILITY = YES;
				SWIFT_VERSION = 5.0;
				TARGETED_DEVICE_FAMILY = "1,2";
				TEST_HOST = "$(BUILT_PRODUCTS_DIR)/ExampleBackgroundProcess.app/$(BUNDLE_EXECUTABLE_FOLDER_PATH)/ExampleBackgroundProcess";
			};
			name = Debug;
		};
		41E741E42E361FFD0071F823 /* Release */ = {
			isa = XCBuildConfiguration;
			buildSettings = {
				BUNDLE_LOADER = "$(TEST_HOST)";
				CODE_SIGN_STYLE = Automatic;
				CURRENT_PROJECT_VERSION = 1;
				DEVELOPMENT_TEAM = J6JEG8NWRQ;
				GENERATE_INFOPLIST_FILE = YES;
				IPHONEOS_DEPLOYMENT_TARGET = 26.0;
				MARKETING_VERSION = 1.0;
				PRODUCT_BUNDLE_IDENTIFIER = jp.co.hikarusato.ExampleBackground.ExampleBackgroundProcessTests;
				PRODUCT_NAME = "$(TARGET_NAME)";
				STRING_CATALOG_GENERATE_SYMBOLS = NO;
				SWIFT_APPROACHABLE_CONCURRENCY = YES;
				SWIFT_EMIT_LOC_STRINGS = NO;
				SWIFT_UPCOMING_FEATURE_MEMBER_IMPORT_VISIBILITY = YES;
				SWIFT_VERSION = 5.0;
				TARGETED_DEVICE_FAMILY = "1,2";
				TEST_HOST = "$(BUILT_PRODUCTS_DIR)/ExampleBackgroundProcess.app/$(BUNDLE_EXECUTABLE_FOLDER_PATH)/ExampleBackgroundProcess";
			};
			name = Release;
		};
		41E741E62E361FFD0071F823 /* Debug */ = {
			isa = XCBuildConfiguration;
			buildSettings = {
				CODE_SIGN_STYLE = Automatic;
				CURRENT_PROJECT_VERSION = 1;
				DEVELOPMENT_TEAM = J6JEG8NWRQ;
				GENERATE_INFOPLIST_FILE = YES;
				MARKETING_VERSION = 1.0;
				PRODUCT_BUNDLE_IDENTIFIER = jp.co.hikarusato.ExampleBackground.ExampleBackgroundProcessUITests;
				PRODUCT_NAME = "$(TARGET_NAME)";
				STRING_CATALOG_GENERATE_SYMBOLS = NO;
				SWIFT_APPROACHABLE_CONCURRENCY = YES;
				SWIFT_EMIT_LOC_STRINGS = NO;
				SWIFT_UPCOMING_FEATURE_MEMBER_IMPORT_VISIBILITY = YES;
				SWIFT_VERSION = 5.0;
				TARGETED_DEVICE_FAMILY = "1,2";
				TEST_TARGET_NAME = ExampleBackgroundProcess;
			};
			name = Debug;
		};
		41E741E72E361FFD0071F823 /* Release */ = {
			isa = XCBuildConfiguration;
			buildSettings = {
				CODE_SIGN_STYLE = Automatic;
				CURRENT_PROJECT_VERSION = 1;
				DEVELOPMENT_TEAM = J6JEG8NWRQ;
				GENERATE_INFOPLIST_FILE = YES;
				MARKETING_VERSION = 1.0;
				PRODUCT_BUNDLE_IDENTIFIER = jp.co.hikarusato.ExampleBackground.ExampleBackgroundProcessUITests;
				PRODUCT_NAME = "$(TARGET_NAME)";
				STRING_CATALOG_GENERATE_SYMBOLS = NO;
				SWIFT_APPROACHABLE_CONCURRENCY = YES;
				SWIFT_EMIT_LOC_STRINGS = NO;
				SWIFT_UPCOMING_FEATURE_MEMBER_IMPORT_VISIBILITY = YES;
				SWIFT_VERSION = 5.0;
				TARGETED_DEVICE_FAMILY = "1,2";
				TEST_TARGET_NAME = ExampleBackgroundProcess;
			};
			name = Release;
		};
/* End XCBuildConfiguration section */

/* Begin XCConfigurationList section */
		41E741B92E361FF80071F823 /* Build configuration list for PBXProject "ExampleBackgroundProcess" */ = {
			isa = XCConfigurationList;
			buildConfigurations = (
				41E741DD2E361FFD0071F823 /* Debug */,
				41E741DE2E361FFD0071F823 /* Release */,
			);
			defaultConfigurationIsVisible = 0;
			defaultConfigurationName = Release;
		};
		41E741DF2E361FFD0071F823 /* Build configuration list for PBXNativeTarget "ExampleBackgroundProcess" */ = {
			isa = XCConfigurationList;
			buildConfigurations = (
				41E741E02E361FFD0071F823 /* Debug */,
				41E741E12E361FFD0071F823 /* Release */,
			);
			defaultConfigurationIsVisible = 0;
			defaultConfigurationName = Release;
		};
		41E741E22E361FFD0071F823 /* Build configuration list for PBXNativeTarget "ExampleBackgroundProcessTests" */ = {
			isa = XCConfigurationList;
			buildConfigurations = (
				41E741E32E361FFD0071F823 /* Debug */,
				41E741E42E361FFD0071F823 /* Release */,
			);
			defaultConfigurationIsVisible = 0;
			defaultConfigurationName = Release;
		};
		41E741E52E361FFD0071F823 /* Build configuration list for PBXNativeTarget "ExampleBackgroundProcessUITests" */ = {
			isa = XCConfigurationList;
			buildConfigurations = (
				41E741E62E361FFD0071F823 /* Debug */,
				41E741E72E361FFD0071F823 /* Release */,
			);
			defaultConfigurationIsVisible = 0;
			defaultConfigurationName = Release;
		};
/* End XCConfigurationList section */
	};
	rootObject = 41E741B62E361FF80071F823 /* Project object */;
}
